// !$*UTF8*$!
{
	archiveVersion = 1;
	classes = {
	};
	objectVersion = 55;
	objects = {

/* Begin PBXBuildFile section */
		581BF5B528BCB3AF00E0F2CD /* AppDelegate.m in Sources */ = {isa = PBXBuildFile; fileRef = 581BF5B428BCB3AF00E0F2CD /* AppDelegate.m */; };
		581BF5B828BCB3AF00E0F2CD /* SceneDelegate.m in Sources */ = {isa = PBXBuildFile; fileRef = 581BF5B728BCB3AF00E0F2CD /* SceneDelegate.m */; };
		581BF5BB28BCB3AF00E0F2CD /* ViewController.m in Sources */ = {isa = PBXBuildFile; fileRef = 581BF5BA28BCB3AF00E0F2CD /* ViewController.m */; };
		581BF5BE28BCB3AF00E0F2CD /* Main.storyboard in Resources */ = {isa = PBXBuildFile; fileRef = 581BF5BC28BCB3AF00E0F2CD /* Main.storyboard */; };
		581BF5C028BCB3B100E0F2CD /* Assets.xcassets in Resources */ = {isa = PBXBuildFile; fileRef = 581BF5BF28BCB3B100E0F2CD /* Assets.xcassets */; };
		581BF5C328BCB3B100E0F2CD /* LaunchScreen.storyboard in Resources */ = {isa = PBXBuildFile; fileRef = 581BF5C128BCB3B100E0F2CD /* LaunchScreen.storyboard */; };
		581BF5C628BCB3B100E0F2CD /* main.m in Sources */ = {isa = PBXBuildFile; fileRef = 581BF5C528BCB3B100E0F2CD /* main.m */; };
		581BF5D028BCB3B100E0F2CD /* __cellTests.m in Sources */ = {isa = PBXBuildFile; fileRef = 581BF5CF28BCB3B100E0F2CD /* __cellTests.m */; };
		581BF5DA28BCB3B100E0F2CD /* __cellUITests.m in Sources */ = {isa = PBXBuildFile; fileRef = 581BF5D928BCB3B100E0F2CD /* __cellUITests.m */; };
		581BF5DC28BCB3B100E0F2CD /* __cellUITestsLaunchTests.m in Sources */ = {isa = PBXBuildFile; fileRef = 581BF5DB28BCB3B100E0F2CD /* __cellUITestsLaunchTests.m */; };
/* End PBXBuildFile section */

/* Begin PBXContainerItemProxy section */
		581BF5CC28BCB3B100E0F2CD /* PBXContainerItemProxy */ = {
			isa = PBXContainerItemProxy;
			containerPortal = 581BF5A828BCB3AF00E0F2CD /* Project object */;
			proxyType = 1;
			remoteGlobalIDString = 581BF5AF28BCB3AF00E0F2CD;
			remoteInfo = "折叠cell";
		};
		581BF5D628BCB3B100E0F2CD /* PBXContainerItemProxy */ = {
			isa = PBXContainerItemProxy;
			containerPortal = 581BF5A828BCB3AF00E0F2CD /* Project object */;
			proxyType = 1;
			remoteGlobalIDString = 581BF5AF28BCB3AF00E0F2CD;
			remoteInfo = "折叠cell";
		};
/* End PBXContainerItemProxy section */

/* Begin PBXFileReference section */
		581BF5B028BCB3AF00E0F2CD /* 折叠cell.app */ = {isa = PBXFileReference; explicitFileType = wrapper.application; includeInIndex = 0; path = "折叠cell.app"; sourceTree = BUILT_PRODUCTS_DIR; };
		581BF5B328BCB3AF00E0F2CD /* AppDelegate.h */ = {isa = PBXFileReference; lastKnownFileType = sourcecode.c.h; path = AppDelegate.h; sourceTree = "<group>"; };
		581BF5B428BCB3AF00E0F2CD /* AppDelegate.m */ = {isa = PBXFileReference; lastKnownFileType = sourcecode.c.objc; path = AppDelegate.m; sourceTree = "<group>"; };
		581BF5B628BCB3AF00E0F2CD /* SceneDelegate.h */ = {isa = PBXFileReference; lastKnownFileType = sourcecode.c.h; path = SceneDelegate.h; sourceTree = "<group>"; };
		581BF5B728BCB3AF00E0F2CD /* SceneDelegate.m */ = {isa = PBXFileReference; lastKnownFileType = sourcecode.c.objc; path = SceneDelegate.m; sourceTree = "<group>"; };
		581BF5B928BCB3AF00E0F2CD /* ViewController.h */ = {isa = PBXFileReference; lastKnownFileType = sourcecode.c.h; path = ViewController.h; sourceTree = "<group>"; };
		581BF5BA28BCB3AF00E0F2CD /* ViewController.m */ = {isa = PBXFileReference; lastKnownFileType = sourcecode.c.objc; path = ViewController.m; sourceTree = "<group>"; };
		581BF5BD28BCB3AF00E0F2CD /* Base */ = {isa = PBXFileReference; lastKnownFileType = file.storyboard; name = Base; path = Base.lproj/Main.storyboard; sourceTree = "<group>"; };
		581BF5BF28BCB3B100E0F2CD /* Assets.xcassets */ = {isa = PBXFileReference; lastKnownFileType = folder.assetcatalog; path = Assets.xcassets; sourceTree = "<group>"; };
		581BF5C228BCB3B100E0F2CD /* Base */ = {isa = PBXFileReference; lastKnownFileType = file.storyboard; name = Base; path = Base.lproj/LaunchScreen.storyboard; sourceTree = "<group>"; };
		581BF5C428BCB3B100E0F2CD /* Info.plist */ = {isa = PBXFileReference; lastKnownFileType = text.plist.xml; path = Info.plist; sourceTree = "<group>"; };
		581BF5C528BCB3B100E0F2CD /* main.m */ = {isa = PBXFileReference; lastKnownFileType = sourcecode.c.objc; path = main.m; sourceTree = "<group>"; };
		581BF5CB28BCB3B100E0F2CD /* 折叠cellTests.xctest */ = {isa = PBXFileReference; explicitFileType = wrapper.cfbundle; includeInIndex = 0; path = "折叠cellTests.xctest"; sourceTree = BUILT_PRODUCTS_DIR; };
		581BF5CF28BCB3B100E0F2CD /* __cellTests.m */ = {isa = PBXFileReference; lastKnownFileType = sourcecode.c.objc; path = __cellTests.m; sourceTree = "<group>"; };
		581BF5D528BCB3B100E0F2CD /* 折叠cellUITests.xctest */ = {isa = PBXFileReference; explicitFileType = wrapper.cfbundle; includeInIndex = 0; path = "折叠cellUITests.xctest"; sourceTree = BUILT_PRODUCTS_DIR; };
		581BF5D928BCB3B100E0F2CD /* __cellUITests.m */ = {isa = PBXFileReference; lastKnownFileType = sourcecode.c.objc; path = __cellUITests.m; sourceTree = "<group>"; };
		581BF5DB28BCB3B100E0F2CD /* __cellUITestsLaunchTests.m */ = {isa = PBXFileReference; lastKnownFileType = sourcecode.c.objc; path = __cellUITestsLaunchTests.m; sourceTree = "<group>"; };
/* End PBXFileReference section */

/* Begin PBXFrameworksBuildPhase section */
		581BF5AD28BCB3AF00E0F2CD /* Frameworks */ = {
			isa = PBXFrameworksBuildPhase;
			buildActionMask = 2147483647;
			files = (
			);
			runOnlyForDeploymentPostprocessing = 0;
		};
		581BF5C828BCB3B100E0F2CD /* Frameworks */ = {
			isa = PBXFrameworksBuildPhase;
			buildActionMask = 2147483647;
			files = (
			);
			runOnlyForDeploymentPostprocessing = 0;
		};
		581BF5D228BCB3B100E0F2CD /* Frameworks */ = {
			isa = PBXFrameworksBuildPhase;
			buildActionMask = 2147483647;
			files = (
			);
			runOnlyForDeploymentPostprocessing = 0;
		};
/* End PBXFrameworksBuildPhase section */

/* Begin PBXGroup section */
		581BF5A728BCB3AF00E0F2CD = {
			isa = PBXGroup;
			children = (
				581BF5B228BCB3AF00E0F2CD /* 折叠cell */,
				581BF5CE28BCB3B100E0F2CD /* 折叠cellTests */,
				581BF5D828BCB3B100E0F2CD /* 折叠cellUITests */,
				581BF5B128BCB3AF00E0F2CD /* Products */,
			);
			sourceTree = "<group>";
		};
		581BF5B128BCB3AF00E0F2CD /* Products */ = {
			isa = PBXGroup;
			children = (
				581BF5B028BCB3AF00E0F2CD /* 折叠cell.app */,
				581BF5CB28BCB3B100E0F2CD /* 折叠cellTests.xctest */,
				581BF5D528BCB3B100E0F2CD /* 折叠cellUITests.xctest */,
			);
			name = Products;
			sourceTree = "<group>";
		};
		581BF5B228BCB3AF00E0F2CD /* 折叠cell */ = {
			isa = PBXGroup;
			children = (
				581BF5B328BCB3AF00E0F2CD /* AppDelegate.h */,
				581BF5B428BCB3AF00E0F2CD /* AppDelegate.m */,
				581BF5B628BCB3AF00E0F2CD /* SceneDelegate.h */,
				581BF5B728BCB3AF00E0F2CD /* SceneDelegate.m */,
				581BF5B928BCB3AF00E0F2CD /* ViewController.h */,
				581BF5BA28BCB3AF00E0F2CD /* ViewController.m */,
				581BF5BC28BCB3AF00E0F2CD /* Main.storyboard */,
				581BF5BF28BCB3B100E0F2CD /* Assets.xcassets */,
				581BF5C128BCB3B100E0F2CD /* LaunchScreen.storyboard */,
				581BF5C428BCB3B100E0F2CD /* Info.plist */,
				581BF5C528BCB3B100E0F2CD /* main.m */,
			);
			path = "折叠cell";
			sourceTree = "<group>";
		};
		581BF5CE28BCB3B100E0F2CD /* 折叠cellTests */ = {
			isa = PBXGroup;
			children = (
				581BF5CF28BCB3B100E0F2CD /* __cellTests.m */,
			);
			path = "折叠cellTests";
			sourceTree = "<group>";
		};
		581BF5D828BCB3B100E0F2CD /* 折叠cellUITests */ = {
			isa = PBXGroup;
			children = (
				581BF5D928BCB3B100E0F2CD /* __cellUITests.m */,
				581BF5DB28BCB3B100E0F2CD /* __cellUITestsLaunchTests.m */,
			);
			path = "折叠cellUITests";
			sourceTree = "<group>";
		};
/* End PBXGroup section */

/* Begin PBXNativeTarget section */
		581BF5AF28BCB3AF00E0F2CD /* 折叠cell */ = {
			isa = PBXNativeTarget;
			buildConfigurationList = 581BF5DF28BCB3B100E0F2CD /* Build configuration list for PBXNativeTarget "折叠cell" */;
			buildPhases = (
				581BF5AC28BCB3AF00E0F2CD /* Sources */,
				581BF5AD28BCB3AF00E0F2CD /* Frameworks */,
				581BF5AE28BCB3AF00E0F2CD /* Resources */,
			);
			buildRules = (
			);
			dependencies = (
			);
			name = "折叠cell";
			productName = "折叠cell";
			productReference = 581BF5B028BCB3AF00E0F2CD /* 折叠cell.app */;
			productType = "com.apple.product-type.application";
		};
		581BF5CA28BCB3B100E0F2CD /* 折叠cellTests */ = {
			isa = PBXNativeTarget;
			buildConfigurationList = 581BF5E228BCB3B100E0F2CD /* Build configuration list for PBXNativeTarget "折叠cellTests" */;
			buildPhases = (
				581BF5C728BCB3B100E0F2CD /* Sources */,
				581BF5C828BCB3B100E0F2CD /* Frameworks */,
				581BF5C928BCB3B100E0F2CD /* Resources */,
			);
			buildRules = (
			);
			dependencies = (
				581BF5CD28BCB3B100E0F2CD /* PBXTargetDependency */,
			);
			name = "折叠cellTests";
			productName = "折叠cellTests";
			productReference = 581BF5CB28BCB3B100E0F2CD /* 折叠cellTests.xctest */;
			productType = "com.apple.product-type.bundle.unit-test";
		};
		581BF5D428BCB3B100E0F2CD /* 折叠cellUITests */ = {
			isa = PBXNativeTarget;
			buildConfigurationList = 581BF5E528BCB3B100E0F2CD /* Build configuration list for PBXNativeTarget "折叠cellUITests" */;
			buildPhases = (
				581BF5D128BCB3B100E0F2CD /* Sources */,
				581BF5D228BCB3B100E0F2CD /* Frameworks */,
				581BF5D328BCB3B100E0F2CD /* Resources */,
			);
			buildRules = (
			);
			dependencies = (
				581BF5D728BCB3B100E0F2CD /* PBXTargetDependency */,
			);
			name = "折叠cellUITests";
			productName = "折叠cellUITests";
			productReference = 581BF5D528BCB3B100E0F2CD /* 折叠cellUITests.xctest */;
			productType = "com.apple.product-type.bundle.ui-testing";
		};
/* End PBXNativeTarget section */

/* Begin PBXProject section */
		581BF5A828BCB3AF00E0F2CD /* Project object */ = {
			isa = PBXProject;
			attributes = {
				BuildIndependentTargetsInParallel = 1;
				LastUpgradeCheck = 1340;
				TargetAttributes = {
					581BF5AF28BCB3AF00E0F2CD = {
						CreatedOnToolsVersion = 13.4;
					};
					581BF5CA28BCB3B100E0F2CD = {
						CreatedOnToolsVersion = 13.4;
						TestTargetID = 581BF5AF28BCB3AF00E0F2CD;
					};
					581BF5D428BCB3B100E0F2CD = {
						CreatedOnToolsVersion = 13.4;
						TestTargetID = 581BF5AF28BCB3AF00E0F2CD;
					};
				};
			};
			buildConfigurationList = 581BF5AB28BCB3AF00E0F2CD /* Build configuration list for PBXProject "折叠cell" */;
			compatibilityVersion = "Xcode 13.0";
			developmentRegion = en;
			hasScannedForEncodings = 0;
			knownRegions = (
				en,
				Base,
			);
			mainGroup = 581BF5A728BCB3AF00E0F2CD;
			productRefGroup = 581BF5B128BCB3AF00E0F2CD /* Products */;
			projectDirPath = "";
			projectRoot = "";
			targets = (
				581BF5AF28BCB3AF00E0F2CD /* 折叠cell */,
				581BF5CA28BCB3B100E0F2CD /* 折叠cellTests */,
				581BF5D428BCB3B100E0F2CD /* 折叠cellUITests */,
			);
		};
/* End PBXProject section */

/* Begin PBXResourcesBuildPhase section */
		581BF5AE28BCB3AF00E0F2CD /* Resources */ = {
			isa = PBXResourcesBuildPhase;
			buildActionMask = 2147483647;
			files = (
				581BF5C328BCB3B100E0F2CD /* LaunchScreen.storyboard in Resources */,
				581BF5C028BCB3B100E0F2CD /* Assets.xcassets in Resources */,
				581BF5BE28BCB3AF00E0F2CD /* Main.storyboard in Resources */,
			);
			runOnlyForDeploymentPostprocessing = 0;
		};
		581BF5C928BCB3B100E0F2CD /* Resources */ = {
			isa = PBXResourcesBuildPhase;
			buildActionMask = 2147483647;
			files = (
			);
			runOnlyForDeploymentPostprocessing = 0;
		};
		581BF5D328BCB3B100E0F2CD /* Resources */ = {
			isa = PBXResourcesBuildPhase;
			buildActionMask = 2147483647;
			files = (
			);
			runOnlyForDeploymentPostprocessing = 0;
		};
/* End PBXResourcesBuildPhase section */

/* Begin PBXSourcesBuildPhase section */
		581BF5AC28BCB3AF00E0F2CD /* Sources */ = {
			isa = PBXSourcesBuildPhase;
			buildActionMask = 2147483647;
			files = (
				581BF5BB28BCB3AF00E0F2CD /* ViewController.m in Sources */,
				581BF5B528BCB3AF00E0F2CD /* AppDelegate.m in Sources */,
				581BF5C628BCB3B100E0F2CD /* main.m in Sources */,
				581BF5B828BCB3AF00E0F2CD /* SceneDelegate.m in Sources */,
			);
			runOnlyForDeploymentPostprocessing = 0;
		};
		581BF5C728BCB3B100E0F2CD /* Sources */ = {
			isa = PBXSourcesBuildPhase;
			buildActionMask = 2147483647;
			files = (
				581BF5D028BCB3B100E0F2CD /* __cellTests.m in Sources */,
			);
			runOnlyForDeploymentPostprocessing = 0;
		};
		581BF5D128BCB3B100E0F2CD /* Sources */ = {
			isa = PBXSourcesBuildPhase;
			buildActionMask = 2147483647;
			files = (
				581BF5DC28BCB3B100E0F2CD /* __cellUITestsLaunchTests.m in Sources */,
				581BF5DA28BCB3B100E0F2CD /* __cellUITests.m in Sources */,
			);
			runOnlyForDeploymentPostprocessing = 0;
		};
/* End PBXSourcesBuildPhase section */

/* Begin PBXTargetDependency section */
		581BF5CD28BCB3B100E0F2CD /* PBXTargetDependency */ = {
			isa = PBXTargetDependency;
			target = 581BF5AF28BCB3AF00E0F2CD /* 折叠cell */;
			targetProxy = 581BF5CC28BCB3B100E0F2CD /* PBXContainerItemProxy */;
		};
		581BF5D728BCB3B100E0F2CD /* PBXTargetDependency */ = {
			isa = PBXTargetDependency;
			target = 581BF5AF28BCB3AF00E0F2CD /* 折叠cell */;
			targetProxy = 581BF5D628BCB3B100E0F2CD /* PBXContainerItemProxy */;
		};
/* End PBXTargetDependency section */

/* Begin PBXVariantGroup section */
		581BF5BC28BCB3AF00E0F2CD /* Main.storyboard */ = {
			isa = PBXVariantGroup;
			children = (
				581BF5BD28BCB3AF00E0F2CD /* Base */,
			);
			name = Main.storyboard;
			sourceTree = "<group>";
		};
		581BF5C128BCB3B100E0F2CD /* LaunchScreen.storyboard */ = {
			isa = PBXVariantGroup;
			children = (
				581BF5C228BCB3B100E0F2CD /* Base */,
			);
			name = LaunchScreen.storyboard;
			sourceTree = "<group>";
		};
/* End PBXVariantGroup section */

/* Begin XCBuildConfiguration section */
		581BF5DD28BCB3B100E0F2CD /* Debug */ = {
			isa = XCBuildConfiguration;
			buildSettings = {
				ALWAYS_SEARCH_USER_PATHS = NO;
				CLANG_ANALYZER_NONNULL = YES;
				CLANG_ANALYZER_NUMBER_OBJECT_CONVERSION = YES_AGGRESSIVE;
				CLANG_CXX_LANGUAGE_STANDARD = "gnu++17";
				CLANG_ENABLE_MODULES = YES;
				CLANG_ENABLE_OBJC_ARC = YES;
				CLANG_ENABLE_OBJC_WEAK = YES;
				CLANG_WARN_BLOCK_CAPTURE_AUTORELEASING = YES;
				CLANG_WARN_BOOL_CONVERSION = YES;
				CLANG_WARN_COMMA = YES;
				CLANG_WARN_CONSTANT_CONVERSION = YES;
				CLANG_WARN_DEPRECATED_OBJC_IMPLEMENTATIONS = YES;
				CLANG_WARN_DIRECT_OBJC_ISA_USAGE = YES_ERROR;
				CLANG_WARN_DOCUMENTATION_COMMENTS = YES;
				CLANG_WARN_EMPTY_BODY = YES;
				CLANG_WARN_ENUM_CONVERSION = YES;
				CLANG_WARN_INFINITE_RECURSION = YES;
				CLANG_WARN_INT_CONVERSION = YES;
				CLANG_WARN_NON_LITERAL_NULL_CONVERSION = YES;
				CLANG_WARN_OBJC_IMPLICIT_RETAIN_SELF = YES;
				CLANG_WARN_OBJC_LITERAL_CONVERSION = YES;
				CLANG_WARN_OBJC_ROOT_CLASS = YES_ERROR;
				CLANG_WARN_QUOTED_INCLUDE_IN_FRAMEWORK_HEADER = YES;
				CLANG_WARN_RANGE_LOOP_ANALYSIS = YES;
				CLANG_WARN_STRICT_PROTOTYPES = YES;
				CLANG_WARN_SUSPICIOUS_MOVE = YES;
				CLANG_WARN_UNGUARDED_AVAILABILITY = YES_AGGRESSIVE;
				CLANG_WARN_UNREACHABLE_CODE = YES;
				CLANG_WARN__DUPLICATE_METHOD_MATCH = YES;
				COPY_PHASE_STRIP = NO;
				DEBUG_INFORMATION_FORMAT = dwarf;
				ENABLE_STRICT_OBJC_MSGSEND = YES;
				ENABLE_TESTABILITY = YES;
				GCC_C_LANGUAGE_STANDARD = gnu11;
				GCC_DYNAMIC_NO_PIC = NO;
				GCC_NO_COMMON_BLOCKS = YES;
				GCC_OPTIMIZATION_LEVEL = 0;
				GCC_PREPROCESSOR_DEFINITIONS = (
					"DEBUG=1",
					"$(inherited)",
				);
				GCC_WARN_64_TO_32_BIT_CONVERSION = YES;
				GCC_WARN_ABOUT_RETURN_TYPE = YES_ERROR;
				GCC_WARN_UNDECLARED_SELECTOR = YES;
				GCC_WARN_UNINITIALIZED_AUTOS = YES_AGGRESSIVE;
				GCC_WARN_UNUSED_FUNCTION = YES;
				GCC_WARN_UNUSED_VARIABLE = YES;
				IPHONEOS_DEPLOYMENT_TARGET = 15.5;
				MTL_ENABLE_DEBUG_INFO = INCLUDE_SOURCE;
				MTL_FAST_MATH = YES;
				ONLY_ACTIVE_ARCH = YES;
				SDKROOT = iphoneos;
			};
			name = Debug;
		};
		581BF5DE28BCB3B100E0F2CD /* Release */ = {
			isa = XCBuildConfiguration;
			buildSettings = {
				ALWAYS_SEARCH_USER_PATHS = NO;
				CLANG_ANALYZER_NONNULL = YES;
				CLANG_ANALYZER_NUMBER_OBJECT_CONVERSION = YES_AGGRESSIVE;
				CLANG_CXX_LANGUAGE_STANDARD = "gnu++17";
				CLANG_ENABLE_MODULES = YES;
				CLANG_ENABLE_OBJC_ARC = YES;
				CLANG_ENABLE_OBJC_WEAK = YES;
				CLANG_WARN_BLOCK_CAPTURE_AUTORELEASING = YES;
				CLANG_WARN_BOOL_CONVERSION = YES;
				CLANG_WARN_COMMA = YES;
				CLANG_WARN_CONSTANT_CONVERSION = YES;
				CLANG_WARN_DEPRECATED_OBJC_IMPLEMENTATIONS = YES;
				CLANG_WARN_DIRECT_OBJC_ISA_USAGE = YES_ERROR;
				CLANG_WARN_DOCUMENTATION_COMMENTS = YES;
				CLANG_WARN_EMPTY_BODY = YES;
				CLANG_WARN_ENUM_CONVERSION = YES;
				CLANG_WARN_INFINITE_RECURSION = YES;
				CLANG_WARN_INT_CONVERSION = YES;
				CLANG_WARN_NON_LITERAL_NULL_CONVERSION = YES;
				CLANG_WARN_OBJC_IMPLICIT_RETAIN_SELF = YES;
				CLANG_WARN_OBJC_LITERAL_CONVERSION = YES;
				CLANG_WARN_OBJC_ROOT_CLASS = YES_ERROR;
				CLANG_WARN_QUOTED_INCLUDE_IN_FRAMEWORK_HEADER = YES;
				CLANG_WARN_RANGE_LOOP_ANALYSIS = YES;
				CLANG_WARN_STRICT_PROTOTYPES = YES;
				CLANG_WARN_SUSPICIOUS_MOVE = YES;
				CLANG_WARN_UNGUARDED_AVAILABILITY = YES_AGGRESSIVE;
				CLANG_WARN_UNREACHABLE_CODE = YES;
				CLANG_WARN__DUPLICATE_METHOD_MATCH = YES;
				COPY_PHASE_STRIP = NO;
				DEBUG_INFORMATION_FORMAT = "dwarf-with-dsym";
				ENABLE_NS_ASSERTIONS = NO;
				ENABLE_STRICT_OBJC_MSGSEND = YES;
				GCC_C_LANGUAGE_STANDARD = gnu11;
				GCC_NO_COMMON_BLOCKS = YES;
				GCC_WARN_64_TO_32_BIT_CONVERSION = YES;
				GCC_WARN_ABOUT_RETURN_TYPE = YES_ERROR;
				GCC_WARN_UNDECLARED_SELECTOR = YES;
				GCC_WARN_UNINITIALIZED_AUTOS = YES_AGGRESSIVE;
				GCC_WARN_UNUSED_FUNCTION = YES;
				GCC_WARN_UNUSED_VARIABLE = YES;
				IPHONEOS_DEPLOYMENT_TARGET = 15.5;
				MTL_ENABLE_DEBUG_INFO = NO;
				MTL_FAST_MATH = YES;
				SDKROOT = iphoneos;
				VALIDATE_PRODUCT = YES;
			};
			name = Release;
		};
		581BF5E028BCB3B100E0F2CD /* Debug */ = {
			isa = XCBuildConfiguration;
			buildSettings = {
				ASSETCATALOG_COMPILER_APPICON_NAME = AppIcon;
				ASSETCATALOG_COMPILER_GLOBAL_ACCENT_COLOR_NAME = AccentColor;
				CODE_SIGN_STYLE = Automatic;
				CURRENT_PROJECT_VERSION = 1;
				DEVELOPMENT_TEAM = 2K97J7XJC7;
				GENERATE_INFOPLIST_FILE = YES;
				INFOPLIST_FILE = "折叠cell/Info.plist";
				INFOPLIST_KEY_UIApplicationSupportsIndirectInputEvents = YES;
				INFOPLIST_KEY_UILaunchStoryboardName = LaunchScreen;
				INFOPLIST_KEY_UIMainStoryboardFile = Main;
				INFOPLIST_KEY_UISupportedInterfaceOrientations_iPad = "UIInterfaceOrientationPortrait UIInterfaceOrientationPortraitUpsideDown UIInterfaceOrientationLandscapeLeft UIInterfaceOrientationLandscapeRight";
				INFOPLIST_KEY_UISupportedInterfaceOrientations_iPhone = "UIInterfaceOrientationPortrait UIInterfaceOrientationLandscapeLeft UIInterfaceOrientationLandscapeRight";
				LD_RUNPATH_SEARCH_PATHS = (
					"$(inherited)",
					"@executable_path/Frameworks",
				);
				MARKETING_VERSION = 1.0;
				PRODUCT_BUNDLE_IDENTIFIER = "-.--cell";
				PRODUCT_NAME = "$(TARGET_NAME)";
				SWIFT_EMIT_LOC_STRINGS = YES;
				TARGETED_DEVICE_FAMILY = "1,2";
			};
			name = Debug;
		};
		581BF5E128BCB3B100E0F2CD /* Release */ = {
			isa = XCBuildConfiguration;
			buildSettings = {
				ASSETCATALOG_COMPILER_APPICON_NAME = AppIcon;
				ASSETCATALOG_COMPILER_GLOBAL_ACCENT_COLOR_NAME = AccentColor;
				CODE_SIGN_STYLE = Automatic;
				CURRENT_PROJECT_VERSION = 1;
				DEVELOPMENT_TEAM = 2K97J7XJC7;
				GENERATE_INFOPLIST_FILE = YES;
				INFOPLIST_FILE = "折叠cell/Info.plist";
				INFOPLIST_KEY_UIApplicationSupportsIndirectInputEvents = YES;
				INFOPLIST_KEY_UILaunchStoryboardName = LaunchScreen;
				INFOPLIST_KEY_UIMainStoryboardFile = Main;
				INFOPLIST_KEY_UISupportedInterfaceOrientations_iPad = "UIInterfaceOrientationPortrait UIInterfaceOrientationPortraitUpsideDown UIInterfaceOrientationLandscapeLeft UIInterfaceOrientationLandscapeRight";
				INFOPLIST_KEY_UISupportedInterfaceOrientations_iPhone = "UIInterfaceOrientationPortrait UIInterfaceOrientationLandscapeLeft UIInterfaceOrientationLandscapeRight";
				LD_RUNPATH_SEARCH_PATHS = (
					"$(inherited)",
					"@executable_path/Frameworks",
				);
				MARKETING_VERSION = 1.0;
				PRODUCT_BUNDLE_IDENTIFIER = "-.--cell";
				PRODUCT_NAME = "$(TARGET_NAME)";
				SWIFT_EMIT_LOC_STRINGS = YES;
				TARGETED_DEVICE_FAMILY = "1,2";
			};
			name = Release;
		};
		581BF5E328BCB3B100E0F2CD /* Debug */ = {
			isa = XCBuildConfiguration;
			buildSettings = {
				BUNDLE_LOADER = "$(TEST_HOST)";
				CODE_SIGN_STYLE = Automatic;
				CURRENT_PROJECT_VERSION = 1;
				DEVELOPMENT_TEAM = 2K97J7XJC7;
				GENERATE_INFOPLIST_FILE = YES;
				IPHONEOS_DEPLOYMENT_TARGET = 15.5;
				MARKETING_VERSION = 1.0;
				PRODUCT_BUNDLE_IDENTIFIER = "-.--cellTests";
				PRODUCT_NAME = "$(TARGET_NAME)";
				SWIFT_EMIT_LOC_STRINGS = NO;
				TARGETED_DEVICE_FAMILY = "1,2";
				TEST_HOST = "$(BUILT_PRODUCTS_DIR)/折叠cell.app/折叠cell";
			};
			name = Debug;
		};
		581BF5E428BCB3B100E0F2CD /* Release */ = {
			isa = XCBuildConfiguration;
			buildSettings = {
				BUNDLE_LOADER = "$(TEST_HOST)";
				CODE_SIGN_STYLE = Automatic;
				CURRENT_PROJECT_VERSION = 1;
				DEVELOPMENT_TEAM = 2K97J7XJC7;
				GENERATE_INFOPLIST_FILE = YES;
				IPHONEOS_DEPLOYMENT_TARGET = 15.5;
				MARKETING_VERSION = 1.0;
				PRODUCT_BUNDLE_IDENTIFIER = "-.--cellTests";
				PRODUCT_NAME = "$(TARGET_NAME)";
				SWIFT_EMIT_LOC_STRINGS = NO;
				TARGETED_DEVICE_FAMILY = "1,2";
				TEST_HOST = "$(BUILT_PRODUCTS_DIR)/折叠cell.app/折叠cell";
			};
			name = Release;
		};
		581BF5E628BCB3B100E0F2CD /* Debug */ = {
			isa = XCBuildConfiguration;
			buildSettings = {
				CODE_SIGN_STYLE = Automatic;
				CURRENT_PROJECT_VERSION = 1;
				DEVELOPMENT_TEAM = 2K97J7XJC7;
				GENERATE_INFOPLIST_FILE = YES;
				MARKETING_VERSION = 1.0;
				PRODUCT_BUNDLE_IDENTIFIER = "-.--cellUITests";
				PRODUCT_NAME = "$(TARGET_NAME)";
				SWIFT_EMIT_LOC_STRINGS = NO;
				TARGETED_DEVICE_FAMILY = "1,2";
				TEST_TARGET_NAME = "折叠cell";
			};
			name = Debug;
		};
		581BF5E728BCB3B100E0F2CD /* Release */ = {
			isa = XCBuildConfiguration;
			buildSettings = {
				CODE_SIGN_STYLE = Automatic;
				CURRENT_PROJECT_VERSION = 1;
				DEVELOPMENT_TEAM = 2K97J7XJC7;
				GENERATE_INFOPLIST_FILE = YES;
				MARKETING_VERSION = 1.0;
				PRODUCT_BUNDLE_IDENTIFIER = "-.--cellUITests";
				PRODUCT_NAME = "$(TARGET_NAME)";
				SWIFT_EMIT_LOC_STRINGS = NO;
				TARGETED_DEVICE_FAMILY = "1,2";
				TEST_TARGET_NAME = "折叠cell";
			};
			name = Release;
		};
/* End XCBuildConfiguration section */

/* Begin XCConfigurationList section */
		581BF5AB28BCB3AF00E0F2CD /* Build configuration list for PBXProject "折叠cell" */ = {
			isa = XCConfigurationList;
			buildConfigurations = (
				581BF5DD28BCB3B100E0F2CD /* Debug */,
				581BF5DE28BCB3B100E0F2CD /* Release */,
			);
			defaultConfigurationIsVisible = 0;
			defaultConfigurationName = Release;
		};
		581BF5DF28BCB3B100E0F2CD /* Build configuration list for PBXNativeTarget "折叠cell" */ = {
			isa = XCConfigurationList;
			buildConfigurations = (
				581BF5E028BCB3B100E0F2CD /* Debug */,
				581BF5E128BCB3B100E0F2CD /* Release */,
			);
			defaultConfigurationIsVisible = 0;
			defaultConfigurationName = Release;
		};
		581BF5E228BCB3B100E0F2CD /* Build configuration list for PBXNativeTarget "折叠cellTests" */ = {
			isa = XCConfigurationList;
			buildConfigurations = (
				581BF5E328BCB3B100E0F2CD /* Debug */,
				581BF5E428BCB3B100E0F2CD /* Release */,
			);
			defaultConfigurationIsVisible = 0;
			defaultConfigurationName = Release;
		};
		581BF5E528BCB3B100E0F2CD /* Build configuration list for PBXNativeTarget "折叠cellUITests" */ = {
			isa = XCConfigurationList;
			buildConfigurations = (
				581BF5E628BCB3B100E0F2CD /* Debug */,
				581BF5E728BCB3B100E0F2CD /* Release */,
			);
			defaultConfigurationIsVisible = 0;
			defaultConfigurationName = Release;
		};
/* End XCConfigurationList section */
	};
	rootObject = 581BF5A828BCB3AF00E0F2CD /* Project object */;
}
